// !$*UTF8*$!
{
	archiveVersion = 1;
	classes = {
	};
	objectVersion = 50;
	objects = {

/* Begin PBXBuildFile section */
		30793CF225B1E13F0085C66B /* AppDelegate.swift in Sources */ = {isa = PBXBuildFile; fileRef = 30793CF125B1E13F0085C66B /* AppDelegate.swift */; };
		30793CF425B1E13F0085C66B /* GameScene.sks in Resources */ = {isa = PBXBuildFile; fileRef = 30793CF325B1E13F0085C66B /* GameScene.sks */; };
		30793CF625B1E13F0085C66B /* Actions.sks in Resources */ = {isa = PBXBuildFile; fileRef = 30793CF525B1E13F0085C66B /* Actions.sks */; };
		30793CF825B1E13F0085C66B /* GameScene.swift in Sources */ = {isa = PBXBuildFile; fileRef = 30793CF725B1E13F0085C66B /* GameScene.swift */; };
		30793CFA25B1E13F0085C66B /* GameViewController.swift in Sources */ = {isa = PBXBuildFile; fileRef = 30793CF925B1E13F0085C66B /* GameViewController.swift */; };
		30793CFD25B1E13F0085C66B /* Main.storyboard in Resources */ = {isa = PBXBuildFile; fileRef = 30793CFB25B1E13F0085C66B /* Main.storyboard */; };
		30793CFF25B1E1400085C66B /* Assets.xcassets in Resources */ = {isa = PBXBuildFile; fileRef = 30793CFE25B1E1400085C66B /* Assets.xcassets */; };
		30793D0A25B1E1400085C66B /* BlueFrogTests.swift in Sources */ = {isa = PBXBuildFile; fileRef = 30793D0925B1E1400085C66B /* BlueFrogTests.swift */; };
		30793D1525B1E1400085C66B /* BlueFrogUITests.swift in Sources */ = {isa = PBXBuildFile; fileRef = 30793D1425B1E1400085C66B /* BlueFrogUITests.swift */; };
		3090DFCF25BB1CFC0068DF0A /* MenuScene.sks in Resources */ = {isa = PBXBuildFile; fileRef = 3090DFCE25BB1CFC0068DF0A /* MenuScene.sks */; };
		3090DFD425BB1EB40068DF0A /* MenuScene.swift in Sources */ = {isa = PBXBuildFile; fileRef = 3090DFD325BB1EB40068DF0A /* MenuScene.swift */; };
		3090DFD925BB21EF0068DF0A /* GameOverScene.sks in Resources */ = {isa = PBXBuildFile; fileRef = 3090DFD825BB21EF0068DF0A /* GameOverScene.sks */; };
		3090DFDE25BB22310068DF0A /* GameOverScene.swift in Sources */ = {isa = PBXBuildFile; fileRef = 3090DFDD25BB22310068DF0A /* GameOverScene.swift */; };
/* End PBXBuildFile section */

/* Begin PBXContainerItemProxy section */
		30793D0625B1E1400085C66B /* PBXContainerItemProxy */ = {
			isa = PBXContainerItemProxy;
			containerPortal = 30793CE625B1E13F0085C66B /* Project object */;
			proxyType = 1;
			remoteGlobalIDString = 30793CED25B1E13F0085C66B;
			remoteInfo = BlueFrog;
		};
		30793D1125B1E1400085C66B /* PBXContainerItemProxy */ = {
			isa = PBXContainerItemProxy;
			containerPortal = 30793CE625B1E13F0085C66B /* Project object */;
			proxyType = 1;
			remoteGlobalIDString = 30793CED25B1E13F0085C66B;
			remoteInfo = BlueFrog;
		};
/* End PBXContainerItemProxy section */

/* Begin PBXFileReference section */
		30793CEE25B1E13F0085C66B /* BlueFrog.app */ = {isa = PBXFileReference; explicitFileType = wrapper.application; includeInIndex = 0; path = BlueFrog.app; sourceTree = BUILT_PRODUCTS_DIR; };
		30793CF125B1E13F0085C66B /* AppDelegate.swift */ = {isa = PBXFileReference; lastKnownFileType = sourcecode.swift; path = AppDelegate.swift; sourceTree = "<group>"; };
		30793CF325B1E13F0085C66B /* GameScene.sks */ = {isa = PBXFileReference; lastKnownFileType = file.sks; path = GameScene.sks; sourceTree = "<group>"; };
		30793CF525B1E13F0085C66B /* Actions.sks */ = {isa = PBXFileReference; lastKnownFileType = file.sks; path = Actions.sks; sourceTree = "<group>"; };
		30793CF725B1E13F0085C66B /* GameScene.swift */ = {isa = PBXFileReference; lastKnownFileType = sourcecode.swift; path = GameScene.swift; sourceTree = "<group>"; };
		30793CF925B1E13F0085C66B /* GameViewController.swift */ = {isa = PBXFileReference; lastKnownFileType = sourcecode.swift; path = GameViewController.swift; sourceTree = "<group>"; };
		30793CFC25B1E13F0085C66B /* Base */ = {isa = PBXFileReference; lastKnownFileType = file.storyboard; name = Base; path = Base.lproj/Main.storyboard; sourceTree = "<group>"; };
		30793CFE25B1E1400085C66B /* Assets.xcassets */ = {isa = PBXFileReference; lastKnownFileType = folder.assetcatalog; path = Assets.xcassets; sourceTree = "<group>"; };
		30793D0025B1E1400085C66B /* Info.plist */ = {isa = PBXFileReference; lastKnownFileType = text.plist.xml; path = Info.plist; sourceTree = "<group>"; };
		30793D0525B1E1400085C66B /* BlueFrogTests.xctest */ = {isa = PBXFileReference; explicitFileType = wrapper.cfbundle; includeInIndex = 0; path = BlueFrogTests.xctest; sourceTree = BUILT_PRODUCTS_DIR; };
		30793D0925B1E1400085C66B /* BlueFrogTests.swift */ = {isa = PBXFileReference; lastKnownFileType = sourcecode.swift; path = BlueFrogTests.swift; sourceTree = "<group>"; };
		30793D0B25B1E1400085C66B /* Info.plist */ = {isa = PBXFileReference; lastKnownFileType = text.plist.xml; path = Info.plist; sourceTree = "<group>"; };
		30793D1025B1E1400085C66B /* BlueFrogUITests.xctest */ = {isa = PBXFileReference; explicitFileType = wrapper.cfbundle; includeInIndex = 0; path = BlueFrogUITests.xctest; sourceTree = BUILT_PRODUCTS_DIR; };
		30793D1425B1E1400085C66B /* BlueFrogUITests.swift */ = {isa = PBXFileReference; lastKnownFileType = sourcecode.swift; path = BlueFrogUITests.swift; sourceTree = "<group>"; };
		30793D1625B1E1400085C66B /* Info.plist */ = {isa = PBXFileReference; lastKnownFileType = text.plist.xml; path = Info.plist; sourceTree = "<group>"; };
		3090DFCE25BB1CFC0068DF0A /* MenuScene.sks */ = {isa = PBXFileReference; lastKnownFileType = file.sks; path = MenuScene.sks; sourceTree = "<group>"; };
		3090DFD325BB1EB40068DF0A /* MenuScene.swift */ = {isa = PBXFileReference; lastKnownFileType = sourcecode.swift; path = MenuScene.swift; sourceTree = "<group>"; };
		3090DFD825BB21EF0068DF0A /* GameOverScene.sks */ = {isa = PBXFileReference; lastKnownFileType = file.sks; path = GameOverScene.sks; sourceTree = "<group>"; };
		3090DFDD25BB22310068DF0A /* GameOverScene.swift */ = {isa = PBXFileReference; lastKnownFileType = sourcecode.swift; path = GameOverScene.swift; sourceTree = "<group>"; };
/* End PBXFileReference section */

/* Begin PBXFrameworksBuildPhase section */
		30793CEB25B1E13F0085C66B /* Frameworks */ = {
			isa = PBXFrameworksBuildPhase;
			buildActionMask = 2147483647;
			files = (
			);
			runOnlyForDeploymentPostprocessing = 0;
		};
		30793D0225B1E1400085C66B /* Frameworks */ = {
			isa = PBXFrameworksBuildPhase;
			buildActionMask = 2147483647;
			files = (
			);
			runOnlyForDeploymentPostprocessing = 0;
		};
		30793D0D25B1E1400085C66B /* Frameworks */ = {
			isa = PBXFrameworksBuildPhase;
			buildActionMask = 2147483647;
			files = (
			);
			runOnlyForDeploymentPostprocessing = 0;
		};
/* End PBXFrameworksBuildPhase section */

/* Begin PBXGroup section */
		30793CE525B1E13F0085C66B = {
			isa = PBXGroup;
			children = (
				30793CF025B1E13F0085C66B /* BlueFrog */,
				30793D0825B1E1400085C66B /* BlueFrogTests */,
				30793D1325B1E1400085C66B /* BlueFrogUITests */,
				30793CEF25B1E13F0085C66B /* Products */,
			);
			sourceTree = "<group>";
		};
		30793CEF25B1E13F0085C66B /* Products */ = {
			isa = PBXGroup;
			children = (
				30793CEE25B1E13F0085C66B /* BlueFrog.app */,
				30793D0525B1E1400085C66B /* BlueFrogTests.xctest */,
				30793D1025B1E1400085C66B /* BlueFrogUITests.xctest */,
			);
			name = Products;
			sourceTree = "<group>";
		};
		30793CF025B1E13F0085C66B /* BlueFrog */ = {
			isa = PBXGroup;
			children = (
				30793CF125B1E13F0085C66B /* AppDelegate.swift */,
				30793CF325B1E13F0085C66B /* GameScene.sks */,
				3090DFCE25BB1CFC0068DF0A /* MenuScene.sks */,
				3090DFD825BB21EF0068DF0A /* GameOverScene.sks */,
				30793CF525B1E13F0085C66B /* Actions.sks */,
				30793CF725B1E13F0085C66B /* GameScene.swift */,
				3090DFD325BB1EB40068DF0A /* MenuScene.swift */,
				3090DFDD25BB22310068DF0A /* GameOverScene.swift */,
				30793CF925B1E13F0085C66B /* GameViewController.swift */,
				30793CFB25B1E13F0085C66B /* Main.storyboard */,
				30793CFE25B1E1400085C66B /* Assets.xcassets */,
				30793D0025B1E1400085C66B /* Info.plist */,
			);
			path = BlueFrog;
			sourceTree = "<group>";
		};
		30793D0825B1E1400085C66B /* BlueFrogTests */ = {
			isa = PBXGroup;
			children = (
				30793D0925B1E1400085C66B /* BlueFrogTests.swift */,
				30793D0B25B1E1400085C66B /* Info.plist */,
			);
			path = BlueFrogTests;
			sourceTree = "<group>";
		};
		30793D1325B1E1400085C66B /* BlueFrogUITests */ = {
			isa = PBXGroup;
			children = (
				30793D1425B1E1400085C66B /* BlueFrogUITests.swift */,
				30793D1625B1E1400085C66B /* Info.plist */,
			);
			path = BlueFrogUITests;
			sourceTree = "<group>";
		};
/* End PBXGroup section */

/* Begin PBXNativeTarget section */
		30793CED25B1E13F0085C66B /* BlueFrog */ = {
			isa = PBXNativeTarget;
			buildConfigurationList = 30793D1925B1E1400085C66B /* Build configuration list for PBXNativeTarget "BlueFrog" */;
			buildPhases = (
				30793CEA25B1E13F0085C66B /* Sources */,
				30793CEB25B1E13F0085C66B /* Frameworks */,
				30793CEC25B1E13F0085C66B /* Resources */,
			);
			buildRules = (
			);
			dependencies = (
			);
			name = BlueFrog;
			productName = BlueFrog;
			productReference = 30793CEE25B1E13F0085C66B /* BlueFrog.app */;
			productType = "com.apple.product-type.application";
		};
		30793D0425B1E1400085C66B /* BlueFrogTests */ = {
			isa = PBXNativeTarget;
			buildConfigurationList = 30793D1C25B1E1400085C66B /* Build configuration list for PBXNativeTarget "BlueFrogTests" */;
			buildPhases = (
				30793D0125B1E1400085C66B /* Sources */,
				30793D0225B1E1400085C66B /* Frameworks */,
				30793D0325B1E1400085C66B /* Resources */,
			);
			buildRules = (
			);
			dependencies = (
				30793D0725B1E1400085C66B /* PBXTargetDependency */,
			);
			name = BlueFrogTests;
			productName = BlueFrogTests;
			productReference = 30793D0525B1E1400085C66B /* BlueFrogTests.xctest */;
			productType = "com.apple.product-type.bundle.unit-test";
		};
		30793D0F25B1E1400085C66B /* BlueFrogUITests */ = {
			isa = PBXNativeTarget;
			buildConfigurationList = 30793D1F25B1E1400085C66B /* Build configuration list for PBXNativeTarget "BlueFrogUITests" */;
			buildPhases = (
				30793D0C25B1E1400085C66B /* Sources */,
				30793D0D25B1E1400085C66B /* Frameworks */,
				30793D0E25B1E1400085C66B /* Resources */,
			);
			buildRules = (
			);
			dependencies = (
				30793D1225B1E1400085C66B /* PBXTargetDependency */,
			);
			name = BlueFrogUITests;
			productName = BlueFrogUITests;
			productReference = 30793D1025B1E1400085C66B /* BlueFrogUITests.xctest */;
			productType = "com.apple.product-type.bundle.ui-testing";
		};
/* End PBXNativeTarget section */

/* Begin PBXProject section */
		30793CE625B1E13F0085C66B /* Project object */ = {
			isa = PBXProject;
			attributes = {
				LastSwiftUpdateCheck = 1230;
				LastUpgradeCheck = 1230;
				TargetAttributes = {
					30793CED25B1E13F0085C66B = {
						CreatedOnToolsVersion = 12.3;
					};
					30793D0425B1E1400085C66B = {
						CreatedOnToolsVersion = 12.3;
						TestTargetID = 30793CED25B1E13F0085C66B;
					};
					30793D0F25B1E1400085C66B = {
						CreatedOnToolsVersion = 12.3;
						TestTargetID = 30793CED25B1E13F0085C66B;
					};
				};
			};
			buildConfigurationList = 30793CE925B1E13F0085C66B /* Build configuration list for PBXProject "BlueFrog" */;
			compatibilityVersion = "Xcode 9.3";
			developmentRegion = en;
			hasScannedForEncodings = 0;
			knownRegions = (
				en,
				Base,
			);
			mainGroup = 30793CE525B1E13F0085C66B;
			productRefGroup = 30793CEF25B1E13F0085C66B /* Products */;
			projectDirPath = "";
			projectRoot = "";
			targets = (
				30793CED25B1E13F0085C66B /* BlueFrog */,
				30793D0425B1E1400085C66B /* BlueFrogTests */,
				30793D0F25B1E1400085C66B /* BlueFrogUITests */,
			);
		};
/* End PBXProject section */

/* Begin PBXResourcesBuildPhase section */
		30793CEC25B1E13F0085C66B /* Resources */ = {
			isa = PBXResourcesBuildPhase;
			buildActionMask = 2147483647;
			files = (
				30793CFD25B1E13F0085C66B /* Main.storyboard in Resources */,
				30793CF425B1E13F0085C66B /* GameScene.sks in Resources */,
				30793CFF25B1E1400085C66B /* Assets.xcassets in Resources */,
				3090DFCF25BB1CFC0068DF0A /* MenuScene.sks in Resources */,
				3090DFD925BB21EF0068DF0A /* GameOverScene.sks in Resources */,
				30793CF625B1E13F0085C66B /* Actions.sks in Resources */,
			);
			runOnlyForDeploymentPostprocessing = 0;
		};
		30793D0325B1E1400085C66B /* Resources */ = {
			isa = PBXResourcesBuildPhase;
			buildActionMask = 2147483647;
			files = (
			);
			runOnlyForDeploymentPostprocessing = 0;
		};
		30793D0E25B1E1400085C66B /* Resources */ = {
			isa = PBXResourcesBuildPhase;
			buildActionMask = 2147483647;
			files = (
			);
			runOnlyForDeploymentPostprocessing = 0;
		};
/* End PBXResourcesBuildPhase section */

/* Begin PBXSourcesBuildPhase section */
		30793CEA25B1E13F0085C66B /* Sources */ = {
			isa = PBXSourcesBuildPhase;
			buildActionMask = 2147483647;
			files = (
				3090DFDE25BB22310068DF0A /* GameOverScene.swift in Sources */,
				30793CF825B1E13F0085C66B /* GameScene.swift in Sources */,
				3090DFD425BB1EB40068DF0A /* MenuScene.swift in Sources */,
				30793CFA25B1E13F0085C66B /* GameViewController.swift in Sources */,
				30793CF225B1E13F0085C66B /* AppDelegate.swift in Sources */,
			);
			runOnlyForDeploymentPostprocessing = 0;
		};
		30793D0125B1E1400085C66B /* Sources */ = {
			isa = PBXSourcesBuildPhase;
			buildActionMask = 2147483647;
			files = (
				30793D0A25B1E1400085C66B /* BlueFrogTests.swift in Sources */,
			);
			runOnlyForDeploymentPostprocessing = 0;
		};
		30793D0C25B1E1400085C66B /* Sources */ = {
			isa = PBXSourcesBuildPhase;
			buildActionMask = 2147483647;
			files = (
				30793D1525B1E1400085C66B /* BlueFrogUITests.swift in Sources */,
			);
			runOnlyForDeploymentPostprocessing = 0;
		};
/* End PBXSourcesBuildPhase section */

/* Begin PBXTargetDependency section */
		30793D0725B1E1400085C66B /* PBXTargetDependency */ = {
			isa = PBXTargetDependency;
			target = 30793CED25B1E13F0085C66B /* BlueFrog */;
			targetProxy = 30793D0625B1E1400085C66B /* PBXContainerItemProxy */;
		};
		30793D1225B1E1400085C66B /* PBXTargetDependency */ = {
			isa = PBXTargetDependency;
			target = 30793CED25B1E13F0085C66B /* BlueFrog */;
			targetProxy = 30793D1125B1E1400085C66B /* PBXContainerItemProxy */;
		};
/* End PBXTargetDependency section */

/* Begin PBXVariantGroup section */
		30793CFB25B1E13F0085C66B /* Main.storyboard */ = {
			isa = PBXVariantGroup;
			children = (
				30793CFC25B1E13F0085C66B /* Base */,
			);
			name = Main.storyboard;
			sourceTree = "<group>";
		};
/* End PBXVariantGroup section */

/* Begin XCBuildConfiguration section */
		30793D1725B1E1400085C66B /* Debug */ = {
			isa = XCBuildConfiguration;
			buildSettings = {
				ALWAYS_SEARCH_USER_PATHS = NO;
				CLANG_ANALYZER_NONNULL = YES;
				CLANG_ANALYZER_NUMBER_OBJECT_CONVERSION = YES_AGGRESSIVE;
				CLANG_CXX_LANGUAGE_STANDARD = "gnu++14";
				CLANG_CXX_LIBRARY = "libc++";
				CLANG_ENABLE_MODULES = YES;
				CLANG_ENABLE_OBJC_ARC = YES;
				CLANG_ENABLE_OBJC_WEAK = YES;
				CLANG_WARN_BLOCK_CAPTURE_AUTORELEASING = YES;
				CLANG_WARN_BOOL_CONVERSION = YES;
				CLANG_WARN_COMMA = YES;
				CLANG_WARN_CONSTANT_CONVERSION = YES;
				CLANG_WARN_DEPRECATED_OBJC_IMPLEMENTATIONS = YES;
				CLANG_WARN_DIRECT_OBJC_ISA_USAGE = YES_ERROR;
				CLANG_WARN_DOCUMENTATION_COMMENTS = YES;
				CLANG_WARN_EMPTY_BODY = YES;
				CLANG_WARN_ENUM_CONVERSION = YES;
				CLANG_WARN_INFINITE_RECURSION = YES;
				CLANG_WARN_INT_CONVERSION = YES;
				CLANG_WARN_NON_LITERAL_NULL_CONVERSION = YES;
				CLANG_WARN_OBJC_IMPLICIT_RETAIN_SELF = YES;
				CLANG_WARN_OBJC_LITERAL_CONVERSION = YES;
				CLANG_WARN_OBJC_ROOT_CLASS = YES_ERROR;
				CLANG_WARN_QUOTED_INCLUDE_IN_FRAMEWORK_HEADER = YES;
				CLANG_WARN_RANGE_LOOP_ANALYSIS = YES;
				CLANG_WARN_STRICT_PROTOTYPES = YES;
				CLANG_WARN_SUSPICIOUS_MOVE = YES;
				CLANG_WARN_UNGUARDED_AVAILABILITY = YES_AGGRESSIVE;
				CLANG_WARN_UNREACHABLE_CODE = YES;
				CLANG_WARN__DUPLICATE_METHOD_MATCH = YES;
				COPY_PHASE_STRIP = NO;
				DEBUG_INFORMATION_FORMAT = dwarf;
				ENABLE_STRICT_OBJC_MSGSEND = YES;
				ENABLE_TESTABILITY = YES;
				GCC_C_LANGUAGE_STANDARD = gnu11;
				GCC_DYNAMIC_NO_PIC = NO;
				GCC_NO_COMMON_BLOCKS = YES;
				GCC_OPTIMIZATION_LEVEL = 0;
				GCC_PREPROCESSOR_DEFINITIONS = (
					"DEBUG=1",
					"$(inherited)",
				);
				GCC_WARN_64_TO_32_BIT_CONVERSION = YES;
				GCC_WARN_ABOUT_RETURN_TYPE = YES_ERROR;
				GCC_WARN_UNDECLARED_SELECTOR = YES;
				GCC_WARN_UNINITIALIZED_AUTOS = YES_AGGRESSIVE;
				GCC_WARN_UNUSED_FUNCTION = YES;
				GCC_WARN_UNUSED_VARIABLE = YES;
				IPHONEOS_DEPLOYMENT_TARGET = 14.3;
				MTL_ENABLE_DEBUG_INFO = INCLUDE_SOURCE;
				MTL_FAST_MATH = YES;
				ONLY_ACTIVE_ARCH = YES;
				SDKROOT = iphoneos;
				SWIFT_ACTIVE_COMPILATION_CONDITIONS = DEBUG;
				SWIFT_OPTIMIZATION_LEVEL = "-Onone";
			};
			name = Debug;
		};
		30793D1825B1E1400085C66B /* Release */ = {
			isa = XCBuildConfiguration;
			buildSettings = {
				ALWAYS_SEARCH_USER_PATHS = NO;
				CLANG_ANALYZER_NONNULL = YES;
				CLANG_ANALYZER_NUMBER_OBJECT_CONVERSION = YES_AGGRESSIVE;
				CLANG_CXX_LANGUAGE_STANDARD = "gnu++14";
				CLANG_CXX_LIBRARY = "libc++";
				CLANG_ENABLE_MODULES = YES;
				CLANG_ENABLE_OBJC_ARC = YES;
				CLANG_ENABLE_OBJC_WEAK = YES;
				CLANG_WARN_BLOCK_CAPTURE_AUTORELEASING = YES;
				CLANG_WARN_BOOL_CONVERSION = YES;
				CLANG_WARN_COMMA = YES;
				CLANG_WARN_CONSTANT_CONVERSION = YES;
				CLANG_WARN_DEPRECATED_OBJC_IMPLEMENTATIONS = YES;
				CLANG_WARN_DIRECT_OBJC_ISA_USAGE = YES_ERROR;
				CLANG_WARN_DOCUMENTATION_COMMENTS = YES;
				CLANG_WARN_EMPTY_BODY = YES;
				CLANG_WARN_ENUM_CONVERSION = YES;
				CLANG_WARN_INFINITE_RECURSION = YES;
				CLANG_WARN_INT_CONVERSION = YES;
				CLANG_WARN_NON_LITERAL_NULL_CONVERSION = YES;
				CLANG_WARN_OBJC_IMPLICIT_RETAIN_SELF = YES;
				CLANG_WARN_OBJC_LITERAL_CONVERSION = YES;
				CLANG_WARN_OBJC_ROOT_CLASS = YES_ERROR;
				CLANG_WARN_QUOTED_INCLUDE_IN_FRAMEWORK_HEADER = YES;
				CLANG_WARN_RANGE_LOOP_ANALYSIS = YES;
				CLANG_WARN_STRICT_PROTOTYPES = YES;
				CLANG_WARN_SUSPICIOUS_MOVE = YES;
				CLANG_WARN_UNGUARDED_AVAILABILITY = YES_AGGRESSIVE;
				CLANG_WARN_UNREACHABLE_CODE = YES;
				CLANG_WARN__DUPLICATE_METHOD_MATCH = YES;
				COPY_PHASE_STRIP = NO;
				DEBUG_INFORMATION_FORMAT = "dwarf-with-dsym";
				ENABLE_NS_ASSERTIONS = NO;
				ENABLE_STRICT_OBJC_MSGSEND = YES;
				GCC_C_LANGUAGE_STANDARD = gnu11;
				GCC_NO_COMMON_BLOCKS = YES;
				GCC_WARN_64_TO_32_BIT_CONVERSION = YES;
				GCC_WARN_ABOUT_RETURN_TYPE = YES_ERROR;
				GCC_WARN_UNDECLARED_SELECTOR = YES;
				GCC_WARN_UNINITIALIZED_AUTOS = YES_AGGRESSIVE;
				GCC_WARN_UNUSED_FUNCTION = YES;
				GCC_WARN_UNUSED_VARIABLE = YES;
				IPHONEOS_DEPLOYMENT_TARGET = 14.3;
				MTL_ENABLE_DEBUG_INFO = NO;
				MTL_FAST_MATH = YES;
				SDKROOT = iphoneos;
				SWIFT_COMPILATION_MODE = wholemodule;
				SWIFT_OPTIMIZATION_LEVEL = "-O";
				VALIDATE_PRODUCT = YES;
			};
			name = Release;
		};
		30793D1A25B1E1400085C66B /* Debug */ = {
			isa = XCBuildConfiguration;
			buildSettings = {
				ASSETCATALOG_COMPILER_APPICON_NAME = AppIcon;
				ASSETCATALOG_COMPILER_GLOBAL_ACCENT_COLOR_NAME = AccentColor;
				CODE_SIGN_STYLE = Automatic;
				INFOPLIST_FILE = BlueFrog/Info.plist;
				LD_RUNPATH_SEARCH_PATHS = (
					"$(inherited)",
					"@executable_path/Frameworks",
				);
				PRODUCT_BUNDLE_IDENTIFIER = Chris.BlueFrog;
				PRODUCT_NAME = "$(TARGET_NAME)";
				SWIFT_VERSION = 5.0;
				TARGETED_DEVICE_FAMILY = "1,2";
			};
			name = Debug;
		};
		30793D1B25B1E1400085C66B /* Release */ = {
			isa = XCBuildConfiguration;
			buildSettings = {
				ASSETCATALOG_COMPILER_APPICON_NAME = AppIcon;
				ASSETCATALOG_COMPILER_GLOBAL_ACCENT_COLOR_NAME = AccentColor;
				CODE_SIGN_STYLE = Automatic;
				INFOPLIST_FILE = BlueFrog/Info.plist;
				LD_RUNPATH_SEARCH_PATHS = (
					"$(inherited)",
					"@executable_path/Frameworks",
				);
				PRODUCT_BUNDLE_IDENTIFIER = Chris.BlueFrog;
				PRODUCT_NAME = "$(TARGET_NAME)";
				SWIFT_VERSION = 5.0;
				TARGETED_DEVICE_FAMILY = "1,2";
			};
			name = Release;
		};
		30793D1D25B1E1400085C66B /* Debug */ = {
			isa = XCBuildConfiguration;
			buildSettings = {
				ALWAYS_EMBED_SWIFT_STANDARD_LIBRARIES = YES;
				BUNDLE_LOADER = "$(TEST_HOST)";
				CODE_SIGN_STYLE = Automatic;
				INFOPLIST_FILE = BlueFrogTests/Info.plist;
				IPHONEOS_DEPLOYMENT_TARGET = 14.3;
				LD_RUNPATH_SEARCH_PATHS = (
					"$(inherited)",
					"@executable_path/Frameworks",
					"@loader_path/Frameworks",
				);
				PRODUCT_BUNDLE_IDENTIFIER = Chris.BlueFrogTests;
				PRODUCT_NAME = "$(TARGET_NAME)";
				SWIFT_VERSION = 5.0;
				TARGETED_DEVICE_FAMILY = "1,2";
				TEST_HOST = "$(BUILT_PRODUCTS_DIR)/BlueFrog.app/BlueFrog";
			};
			name = Debug;
		};
		30793D1E25B1E1400085C66B /* Release */ = {
			isa = XCBuildConfiguration;
			buildSettings = {
				ALWAYS_EMBED_SWIFT_STANDARD_LIBRARIES = YES;
				BUNDLE_LOADER = "$(TEST_HOST)";
				CODE_SIGN_STYLE = Automatic;
				INFOPLIST_FILE = BlueFrogTests/Info.plist;
				IPHONEOS_DEPLOYMENT_TARGET = 14.3;
				LD_RUNPATH_SEARCH_PATHS = (
					"$(inherited)",
					"@executable_path/Frameworks",
					"@loader_path/Frameworks",
				);
				PRODUCT_BUNDLE_IDENTIFIER = Chris.BlueFrogTests;
				PRODUCT_NAME = "$(TARGET_NAME)";
				SWIFT_VERSION = 5.0;
				TARGETED_DEVICE_FAMILY = "1,2";
				TEST_HOST = "$(BUILT_PRODUCTS_DIR)/BlueFrog.app/BlueFrog";
			};
			name = Release;
		};
		30793D2025B1E1400085C66B /* Debug */ = {
			isa = XCBuildConfiguration;
			buildSettings = {
				ALWAYS_EMBED_SWIFT_STANDARD_LIBRARIES = YES;
				CODE_SIGN_STYLE = Automatic;
				INFOPLIST_FILE = BlueFrogUITests/Info.plist;
				LD_RUNPATH_SEARCH_PATHS = (
					"$(inherited)",
					"@executable_path/Frameworks",
					"@loader_path/Frameworks",
				);
				PRODUCT_BUNDLE_IDENTIFIER = Chris.BlueFrogUITests;
				PRODUCT_NAME = "$(TARGET_NAME)";
				SWIFT_VERSION = 5.0;
				TARGETED_DEVICE_FAMILY = "1,2";
				TEST_TARGET_NAME = BlueFrog;
			};
			name = Debug;
		};
		30793D2125B1E1400085C66B /* Release */ = {
			isa = XCBuildConfiguration;
			buildSettings = {
				ALWAYS_EMBED_SWIFT_STANDARD_LIBRARIES = YES;
				CODE_SIGN_STYLE = Automatic;
				INFOPLIST_FILE = BlueFrogUITests/Info.plist;
				LD_RUNPATH_SEARCH_PATHS = (
					"$(inherited)",
					"@executable_path/Frameworks",
					"@loader_path/Frameworks",
				);
				PRODUCT_BUNDLE_IDENTIFIER = Chris.BlueFrogUITests;
				PRODUCT_NAME = "$(TARGET_NAME)";
				SWIFT_VERSION = 5.0;
				TARGETED_DEVICE_FAMILY = "1,2";
				TEST_TARGET_NAME = BlueFrog;
			};
			name = Release;
		};
/* End XCBuildConfiguration section */

/* Begin XCConfigurationList section */
		30793CE925B1E13F0085C66B /* Build configuration list for PBXProject "BlueFrog" */ = {
			isa = XCConfigurationList;
			buildConfigurations = (
				30793D1725B1E1400085C66B /* Debug */,
				30793D1825B1E1400085C66B /* Release */,
			);
			defaultConfigurationIsVisible = 0;
			defaultConfigurationName = Release;
		};
		30793D1925B1E1400085C66B /* Build configuration list for PBXNativeTarget "BlueFrog" */ = {
			isa = XCConfigurationList;
			buildConfigurations = (
				30793D1A25B1E1400085C66B /* Debug */,
				30793D1B25B1E1400085C66B /* Release */,
			);
			defaultConfigurationIsVisible = 0;
			defaultConfigurationName = Release;
		};
		30793D1C25B1E1400085C66B /* Build configuration list for PBXNativeTarget "BlueFrogTests" */ = {
			isa = XCConfigurationList;
			buildConfigurations = (
				30793D1D25B1E1400085C66B /* Debug */,
				30793D1E25B1E1400085C66B /* Release */,
			);
			defaultConfigurationIsVisible = 0;
			defaultConfigurationName = Release;
		};
		30793D1F25B1E1400085C66B /* Build configuration list for PBXNativeTarget "BlueFrogUITests" */ = {
			isa = XCConfigurationList;
			buildConfigurations = (
				30793D2025B1E1400085C66B /* Debug */,
				30793D2125B1E1400085C66B /* Release */,
			);
			defaultConfigurationIsVisible = 0;
			defaultConfigurationName = Release;
		};
/* End XCConfigurationList section */
	};
	rootObject = 30793CE625B1E13F0085C66B /* Project object */;
}
